
Microsoft Visual Studio Solution File, Format Version 12.00
# Visual Studio Version 16
VisualStudioVersion = 16.0.30104.148
MinimumVisualStudioVersion = 10.0.40219.1
Project("{FAE04EC0-301F-11D3-BF4B-00C04F79EFBC}") = "CurrencyApp", "CurrencyApp\CurrencyApp.csproj", "{7AF22505-E8DB-430E-89C3-4EB4C969CB5D}"
EndProject
Global
	GlobalSection(SolutionConfigurationPlatforms) = preSolution
		Debug|Any CPU = Debug|Any CPU
		Release|Any CPU = Release|Any CPU
	EndGlobalSection
	GlobalSection(ProjectConfigurationPlatforms) = postSolution
		{7AF22505-E8DB-430E-89C3-4EB4C969CB5D}.Debug|Any CPU.ActiveCfg = Debug|Any CPU
		{7AF22505-E8DB-430E-89C3-4EB4C969CB5D}.Debug|Any CPU.Build.0 = Debug|Any CPU
		{7AF22505-E8DB-430E-89C3-4EB4C969CB5D}.Release|Any CPU.ActiveCfg = Release|Any CPU
		{7AF22505-E8DB-430E-89C3-4EB4C969CB5D}.Release|Any CPU.Build.0 = Release|Any CPU
	EndGlobalSection
	GlobalSection(SolutionProperties) = preSolution
		HideSolutionNode = FALSE
	EndGlobalSection
	GlobalSection(ExtensibilityGlobals) = postSolution
		SolutionGuid = {336E7C78-8E3C-4612-ACCA-40E523C12E45}
	EndGlobalSection
EndGlobal
